
Microsoft Visual Studio Solution File, Format Version 12.00
# Visual Studio Version 16
VisualStudioVersion = 16.0.29009.5
MinimumVisualStudioVersion = 10.0.40219.1
Project("{9A19103F-16F7-4668-BE54-9A1E7A4F7556}") = "WhenIsRelease.Frontend", "WhenIsRelease.Frontend\WhenIsRelease.Frontend.csproj", "{DD194712-CED4-4643-AD34-28DEE8A53505}"
EndProject
Project("{9A19103F-16F7-4668-BE54-9A1E7A4F7556}") = "WhenIsRelease.Data", "WhenIsRelease.Data\WhenIsRelease.Data.csproj", "{F1A8B092-3E2E-4340-B4E4-60F977DA42C9}"
EndProject
Project("{FAE04EC0-301F-11D3-BF4B-00C04F79EFBC}") = "WhenIsRelease.Models", "WhenIsRelease.Models\WhenIsRelease.Models.csproj", "{0C170E13-D012-4AEB-AED3-C08EB4857444}"
EndProject
Global
	GlobalSection(SolutionConfigurationPlatforms) = preSolution
		Debug|Any CPU = Debug|Any CPU
		Release|Any CPU = Release|Any CPU
		Test|Any CPU = Test|Any CPU
	EndGlobalSection
	GlobalSection(ProjectConfigurationPlatforms) = postSolution
		{DD194712-CED4-4643-AD34-28DEE8A53505}.Debug|Any CPU.ActiveCfg = Debug|Any CPU
		{DD194712-CED4-4643-AD34-28DEE8A53505}.Debug|Any CPU.Build.0 = Debug|Any CPU
		{DD194712-CED4-4643-AD34-28DEE8A53505}.Release|Any CPU.ActiveCfg = Release|Any CPU
		{DD194712-CED4-4643-AD34-28DEE8A53505}.Release|Any CPU.Build.0 = Release|Any CPU
		{DD194712-CED4-4643-AD34-28DEE8A53505}.Test|Any CPU.ActiveCfg = Test|Any CPU
		{DD194712-CED4-4643-AD34-28DEE8A53505}.Test|Any CPU.Build.0 = Test|Any CPU
		{F1A8B092-3E2E-4340-B4E4-60F977DA42C9}.Debug|Any CPU.ActiveCfg = Debug|Any CPU
		{F1A8B092-3E2E-4340-B4E4-60F977DA42C9}.Debug|Any CPU.Build.0 = Debug|Any CPU
		{F1A8B092-3E2E-4340-B4E4-60F977DA42C9}.Release|Any CPU.ActiveCfg = Release|Any CPU
		{F1A8B092-3E2E-4340-B4E4-60F977DA42C9}.Release|Any CPU.Build.0 = Release|Any CPU
		{F1A8B092-3E2E-4340-B4E4-60F977DA42C9}.Test|Any CPU.ActiveCfg = Test|Any CPU
		{F1A8B092-3E2E-4340-B4E4-60F977DA42C9}.Test|Any CPU.Build.0 = Test|Any CPU
		{0C170E13-D012-4AEB-AED3-C08EB4857444}.Debug|Any CPU.ActiveCfg = Debug|Any CPU
		{0C170E13-D012-4AEB-AED3-C08EB4857444}.Debug|Any CPU.Build.0 = Debug|Any CPU
		{0C170E13-D012-4AEB-AED3-C08EB4857444}.Release|Any CPU.ActiveCfg = Release|Any CPU
		{0C170E13-D012-4AEB-AED3-C08EB4857444}.Release|Any CPU.Build.0 = Release|Any CPU
		{0C170E13-D012-4AEB-AED3-C08EB4857444}.Test|Any CPU.ActiveCfg = Debug|Any CPU
		{0C170E13-D012-4AEB-AED3-C08EB4857444}.Test|Any CPU.Build.0 = Debug|Any CPU
	EndGlobalSection
	GlobalSection(SolutionProperties) = preSolution
		HideSolutionNode = FALSE
	EndGlobalSection
	GlobalSection(ExtensibilityGlobals) = postSolution
		SolutionGuid = {B06A45B5-F7E6-41A1-BC45-1E30626D87C0}
	EndGlobalSection
EndGlobal
